
Microsoft Visual Studio Solution File, Format Version 12.00
# Visual Studio Version 17
VisualStudioVersion = 17.6.33815.320
MinimumVisualStudioVersion = 10.0.40219.1
Project("{9A19103F-16F7-4668-BE54-9A1E7A4F7556}") = "RDWebService", "RDWebService\RDWebService.csproj", "{3EBB71F7-640A-44E0-BCA0-7A5CF969D854}"
EndProject
Project("{2150E333-8FDC-42A3-9474-1A3956D46DE8}") = "Projektmappenelemente", "Projektmappenelemente", "{9041E55F-9F0F-4FEA-BA55-7FAD26B79AC2}"
	ProjectSection(SolutionItems) = preProject
		..\..\Users\RD-Administator\source\repos\12GitRepository\RoleManager-Src\RM_API\C#\RM_API_STATICS.cs = ..\..\Users\RD-Administator\source\repos\12GitRepository\RoleManager-Src\RM_API\C#\RM_API_STATICS.cs
	EndProjectSection
EndProject
Global
	GlobalSection(SolutionConfigurationPlatforms) = preSolution
		Debug|Any CPU = Debug|Any CPU
		Release|Any CPU = Release|Any CPU
	EndGlobalSection
	GlobalSection(ProjectConfigurationPlatforms) = postSolution
		{3EBB71F7-640A-44E0-BCA0-7A5CF969D854}.Debug|Any CPU.ActiveCfg = Debug|Any CPU
		{3EBB71F7-640A-44E0-BCA0-7A5CF969D854}.Debug|Any CPU.Build.0 = Debug|Any CPU
		{3EBB71F7-640A-44E0-BCA0-7A5CF969D854}.Release|Any CPU.ActiveCfg = Release|Any CPU
		{3EBB71F7-640A-44E0-BCA0-7A5CF969D854}.Release|Any CPU.Build.0 = Release|Any CPU
	EndGlobalSection
	GlobalSection(SolutionProperties) = preSolution
		HideSolutionNode = FALSE
	EndGlobalSection
	GlobalSection(ExtensibilityGlobals) = postSolution
		SolutionGuid = {67C71F43-A92B-48E3-8BD2-5821E6D6E6F6}
	EndGlobalSection
EndGlobal
